
Microsoft Visual Studio Solution File, Format Version 12.00
# Visual Studio Version 17
VisualStudioVersion = 17.9.34728.123
MinimumVisualStudioVersion = 10.0.40219.1
Project("{9A19103F-16F7-4668-BE54-9A1E7A4F7556}") = "R3M.Finantial.Backend", "R3M.Finantial.Backend\R3M.Finantial.Backend.csproj", "{48AB987E-3D86-41D7-B77D-5B25BEAD8DEA}"
EndProject
Global
	GlobalSection(SolutionConfigurationPlatforms) = preSolution
		Debug|Any CPU = Debug|Any CPU
		Release|Any CPU = Release|Any CPU
	EndGlobalSection
	GlobalSection(ProjectConfigurationPlatforms) = postSolution
		{48AB987E-3D86-41D7-B77D-5B25BEAD8DEA}.Debug|Any CPU.ActiveCfg = Debug|Any CPU
		{48AB987E-3D86-41D7-B77D-5B25BEAD8DEA}.Debug|Any CPU.Build.0 = Debug|Any CPU
		{48AB987E-3D86-41D7-B77D-5B25BEAD8DEA}.Release|Any CPU.ActiveCfg = Release|Any CPU
		{48AB987E-3D86-41D7-B77D-5B25BEAD8DEA}.Release|Any CPU.Build.0 = Release|Any CPU
	EndGlobalSection
	GlobalSection(SolutionProperties) = preSolution
		HideSolutionNode = FALSE
	EndGlobalSection
	GlobalSection(ExtensibilityGlobals) = postSolution
		SolutionGuid = {A41AF4EE-AE46-4F1B-8E08-ACB80912DCE8}
	EndGlobalSection
EndGlobal
